
Microsoft Visual Studio Solution File, Format Version 12.00
# Visual Studio Version 16
VisualStudioVersion = 16.0.34601.136
MinimumVisualStudioVersion = 10.0.40219.1
Project("{FAE04EC0-301F-11D3-BF4B-00C04F79EFBC}") = "hulom_prelim", "hulom_prelim.csproj", "{E42A9C9B-788A-4682-B3A2-D92E21AFE755}"
EndProject
Global
	GlobalSection(SolutionConfigurationPlatforms) = preSolution
		Debug|Any CPU = Debug|Any CPU
		Release|Any CPU = Release|Any CPU
	EndGlobalSection
	GlobalSection(ProjectConfigurationPlatforms) = postSolution
		{E42A9C9B-788A-4682-B3A2-D92E21AFE755}.Debug|Any CPU.ActiveCfg = Debug|Any CPU
		{E42A9C9B-788A-4682-B3A2-D92E21AFE755}.Debug|Any CPU.Build.0 = Debug|Any CPU
		{E42A9C9B-788A-4682-B3A2-D92E21AFE755}.Release|Any CPU.ActiveCfg = Release|Any CPU
		{E42A9C9B-788A-4682-B3A2-D92E21AFE755}.Release|Any CPU.Build.0 = Release|Any CPU
	EndGlobalSection
	GlobalSection(SolutionProperties) = preSolution
		HideSolutionNode = FALSE
	EndGlobalSection
	GlobalSection(ExtensibilityGlobals) = postSolution
		SolutionGuid = {6BEC2B59-6F8F-40B7-98C3-F0EE529C541B}
	EndGlobalSection
EndGlobal
